
Microsoft Visual Studio Solution File, Format Version 12.00
# Visual Studio Version 17
VisualStudioVersion = 17.9.34728.123
MinimumVisualStudioVersion = 10.0.40219.1
Project("{FAE04EC0-301F-11D3-BF4B-00C04F79EFBC}") = "RepasoObjetosPract", "RepasoObjetosPract.csproj", "{C999C49B-A250-46AE-BD9E-8E72C7A168B2}"
EndProject
Global
	GlobalSection(SolutionConfigurationPlatforms) = preSolution
		Debug|Any CPU = Debug|Any CPU
		Release|Any CPU = Release|Any CPU
	EndGlobalSection
	GlobalSection(ProjectConfigurationPlatforms) = postSolution
		{C999C49B-A250-46AE-BD9E-8E72C7A168B2}.Debug|Any CPU.ActiveCfg = Debug|Any CPU
		{C999C49B-A250-46AE-BD9E-8E72C7A168B2}.Debug|Any CPU.Build.0 = Debug|Any CPU
		{C999C49B-A250-46AE-BD9E-8E72C7A168B2}.Release|Any CPU.ActiveCfg = Release|Any CPU
		{C999C49B-A250-46AE-BD9E-8E72C7A168B2}.Release|Any CPU.Build.0 = Release|Any CPU
	EndGlobalSection
	GlobalSection(SolutionProperties) = preSolution
		HideSolutionNode = FALSE
	EndGlobalSection
	GlobalSection(ExtensibilityGlobals) = postSolution
		SolutionGuid = {E96632AD-1ADE-4EB6-B0E0-B68A303DF459}
	EndGlobalSection
EndGlobal
